// !$*UTF8*$!
{
	archiveVersion = 1;
	classes = {
	};
	objectVersion = 56;
	objects = {

/* Begin PBXBuildFile section */
		B30A950829DA07BD0029A15A /* Product.swift in Sources */ = {isa = PBXBuildFile; fileRef = B30A950729DA07BD0029A15A /* Product.swift */; };
		B3296D6429D3A15B0062D3CC /* CoreDataHelper.swift in Sources */ = {isa = PBXBuildFile; fileRef = B3296D6329D3A15B0062D3CC /* CoreDataHelper.swift */; };
		B3296D6629D3A1D80062D3CC /* UserDefaultsKeys.swift in Sources */ = {isa = PBXBuildFile; fileRef = B3296D6529D3A1D80062D3CC /* UserDefaultsKeys.swift */; };
		B3296D6829D3B45A0062D3CC /* ProductCell.swift in Sources */ = {isa = PBXBuildFile; fileRef = B3296D6729D3B45A0062D3CC /* ProductCell.swift */; };
		B3470A4829B7FE3800584AFD /* UITableView.swift in Sources */ = {isa = PBXBuildFile; fileRef = B3470A4729B7FE3800584AFD /* UITableView.swift */; };
		B3470A4E29B8176500584AFD /* SettingsViewController.swift in Sources */ = {isa = PBXBuildFile; fileRef = B3470A4D29B8176500584AFD /* SettingsViewController.swift */; };
		B3470A5029B8177000584AFD /* TotalViewController.swift in Sources */ = {isa = PBXBuildFile; fileRef = B3470A4F29B8177000584AFD /* TotalViewController.swift */; };
		B3470A5229B817A200584AFD /* ProductViewController.swift in Sources */ = {isa = PBXBuildFile; fileRef = B3470A5129B817A200584AFD /* ProductViewController.swift */; };
		B3AC058329D66C7100B4DB3B /* Settings.bundle in Resources */ = {isa = PBXBuildFile; fileRef = B3AC058229D66C7100B4DB3B /* Settings.bundle */; };
		B3AC058529D674AA00B4DB3B /* Double.swift in Sources */ = {isa = PBXBuildFile; fileRef = B3AC058429D674AA00B4DB3B /* Double.swift */; };
		B3B3152929CF9D52000185FA /* StateCell.swift in Sources */ = {isa = PBXBuildFile; fileRef = B3B3152829CF9D52000185FA /* StateCell.swift */; };
		B3C51F6329B162CC009C879E /* AppDelegate.swift in Sources */ = {isa = PBXBuildFile; fileRef = B3C51F6229B162CC009C879E /* AppDelegate.swift */; };
		B3C51F6529B162CC009C879E /* SceneDelegate.swift in Sources */ = {isa = PBXBuildFile; fileRef = B3C51F6429B162CC009C879E /* SceneDelegate.swift */; };
		B3C51F6729B162CC009C879E /* ShopListViewController.swift in Sources */ = {isa = PBXBuildFile; fileRef = B3C51F6629B162CC009C879E /* ShopListViewController.swift */; };
		B3C51F6A29B162CC009C879E /* Main.storyboard in Resources */ = {isa = PBXBuildFile; fileRef = B3C51F6829B162CC009C879E /* Main.storyboard */; };
		B3C51F6D29B162CC009C879E /* ComprasUSA.xcdatamodeld in Sources */ = {isa = PBXBuildFile; fileRef = B3C51F6B29B162CC009C879E /* ComprasUSA.xcdatamodeld */; };
		B3C51F6F29B162CD009C879E /* Assets.xcassets in Resources */ = {isa = PBXBuildFile; fileRef = B3C51F6E29B162CD009C879E /* Assets.xcassets */; };
		B3C51F7229B162CD009C879E /* LaunchScreen.storyboard in Resources */ = {isa = PBXBuildFile; fileRef = B3C51F7029B162CD009C879E /* LaunchScreen.storyboard */; };
/* End PBXBuildFile section */

/* Begin PBXFileReference section */
		B30A950729DA07BD0029A15A /* Product.swift */ = {isa = PBXFileReference; lastKnownFileType = sourcecode.swift; path = Product.swift; sourceTree = "<group>"; };
		B3296D6329D3A15B0062D3CC /* CoreDataHelper.swift */ = {isa = PBXFileReference; lastKnownFileType = sourcecode.swift; path = CoreDataHelper.swift; sourceTree = "<group>"; };
		B3296D6529D3A1D80062D3CC /* UserDefaultsKeys.swift */ = {isa = PBXFileReference; lastKnownFileType = sourcecode.swift; path = UserDefaultsKeys.swift; sourceTree = "<group>"; };
		B3296D6729D3B45A0062D3CC /* ProductCell.swift */ = {isa = PBXFileReference; lastKnownFileType = sourcecode.swift; path = ProductCell.swift; sourceTree = "<group>"; };
		B3470A4729B7FE3800584AFD /* UITableView.swift */ = {isa = PBXFileReference; lastKnownFileType = sourcecode.swift; path = UITableView.swift; sourceTree = "<group>"; };
		B3470A4D29B8176500584AFD /* SettingsViewController.swift */ = {isa = PBXFileReference; lastKnownFileType = sourcecode.swift; path = SettingsViewController.swift; sourceTree = "<group>"; };
		B3470A4F29B8177000584AFD /* TotalViewController.swift */ = {isa = PBXFileReference; lastKnownFileType = sourcecode.swift; path = TotalViewController.swift; sourceTree = "<group>"; };
		B3470A5129B817A200584AFD /* ProductViewController.swift */ = {isa = PBXFileReference; lastKnownFileType = sourcecode.swift; path = ProductViewController.swift; sourceTree = "<group>"; };
		B3AC058229D66C7100B4DB3B /* Settings.bundle */ = {isa = PBXFileReference; lastKnownFileType = "wrapper.plug-in"; path = Settings.bundle; sourceTree = "<group>"; };
		B3AC058429D674AA00B4DB3B /* Double.swift */ = {isa = PBXFileReference; lastKnownFileType = sourcecode.swift; path = Double.swift; sourceTree = "<group>"; };
		B3B3152829CF9D52000185FA /* StateCell.swift */ = {isa = PBXFileReference; lastKnownFileType = sourcecode.swift; path = StateCell.swift; sourceTree = "<group>"; };
		B3C51F5F29B162CC009C879E /* ComprasUSA.app */ = {isa = PBXFileReference; explicitFileType = wrapper.application; includeInIndex = 0; path = ComprasUSA.app; sourceTree = BUILT_PRODUCTS_DIR; };
		B3C51F6229B162CC009C879E /* AppDelegate.swift */ = {isa = PBXFileReference; lastKnownFileType = sourcecode.swift; path = AppDelegate.swift; sourceTree = "<group>"; };
		B3C51F6429B162CC009C879E /* SceneDelegate.swift */ = {isa = PBXFileReference; lastKnownFileType = sourcecode.swift; path = SceneDelegate.swift; sourceTree = "<group>"; };
		B3C51F6629B162CC009C879E /* ShopListViewController.swift */ = {isa = PBXFileReference; lastKnownFileType = sourcecode.swift; path = ShopListViewController.swift; sourceTree = "<group>"; };
		B3C51F6929B162CC009C879E /* Base */ = {isa = PBXFileReference; lastKnownFileType = file.storyboard; name = Base; path = Base.lproj/Main.storyboard; sourceTree = "<group>"; };
		B3C51F6C29B162CC009C879E /* ComprasUSA.xcdatamodel */ = {isa = PBXFileReference; lastKnownFileType = wrapper.xcdatamodel; path = ComprasUSA.xcdatamodel; sourceTree = "<group>"; };
		B3C51F6E29B162CD009C879E /* Assets.xcassets */ = {isa = PBXFileReference; lastKnownFileType = folder.assetcatalog; path = Assets.xcassets; sourceTree = "<group>"; };
		B3C51F7129B162CD009C879E /* Base */ = {isa = PBXFileReference; lastKnownFileType = file.storyboard; name = Base; path = Base.lproj/LaunchScreen.storyboard; sourceTree = "<group>"; };
		B3C51F7329B162CD009C879E /* Info.plist */ = {isa = PBXFileReference; lastKnownFileType = text.plist.xml; path = Info.plist; sourceTree = "<group>"; };
/* End PBXFileReference section */

/* Begin PBXFrameworksBuildPhase section */
		B3C51F5C29B162CC009C879E /* Frameworks */ = {
			isa = PBXFrameworksBuildPhase;
			buildActionMask = 2147483647;
			files = (
			);
			runOnlyForDeploymentPostprocessing = 0;
		};
/* End PBXFrameworksBuildPhase section */

/* Begin PBXGroup section */
		B3296D6229D3A1510062D3CC /* CoreData */ = {
			isa = PBXGroup;
			children = (
				B3C51F6B29B162CC009C879E /* ComprasUSA.xcdatamodeld */,
				B3296D6329D3A15B0062D3CC /* CoreDataHelper.swift */,
			);
			path = CoreData;
			sourceTree = "<group>";
		};
		B3470A4629B7FE2E00584AFD /* Extension */ = {
			isa = PBXGroup;
			children = (
				B3470A4729B7FE3800584AFD /* UITableView.swift */,
				B3AC058429D674AA00B4DB3B /* Double.swift */,
				B30A950729DA07BD0029A15A /* Product.swift */,
			);
			path = Extension;
			sourceTree = "<group>";
		};
		B3470A4C29B8174100584AFD /* Utils */ = {
			isa = PBXGroup;
			children = (
				B3296D6229D3A1510062D3CC /* CoreData */,
				B3C51F6E29B162CD009C879E /* Assets.xcassets */,
				B3C51F6429B162CC009C879E /* SceneDelegate.swift */,
				B3C51F6229B162CC009C879E /* AppDelegate.swift */,
				B3296D6529D3A1D80062D3CC /* UserDefaultsKeys.swift */,
				B3AC058229D66C7100B4DB3B /* Settings.bundle */,
			);
			path = Utils;
			sourceTree = "<group>";
		};
		B3AC058129D6674C00B4DB3B /* Controllers */ = {
			isa = PBXGroup;
			children = (
				B3470A5129B817A200584AFD /* ProductViewController.swift */,
				B3C51F6629B162CC009C879E /* ShopListViewController.swift */,
				B3470A4D29B8176500584AFD /* SettingsViewController.swift */,
				B3470A4F29B8177000584AFD /* TotalViewController.swift */,
			);
			path = Controllers;
			sourceTree = "<group>";
		};
		B3B3152729CF9D43000185FA /* Components */ = {
			isa = PBXGroup;
			children = (
				B3B3152829CF9D52000185FA /* StateCell.swift */,
				B3296D6729D3B45A0062D3CC /* ProductCell.swift */,
			);
			path = Components;
			sourceTree = "<group>";
		};
		B3C51F5629B162CC009C879E = {
			isa = PBXGroup;
			children = (
				B3C51F6129B162CC009C879E /* ComprasUSA */,
				B3C51F6029B162CC009C879E /* Products */,
			);
			sourceTree = "<group>";
		};
		B3C51F6029B162CC009C879E /* Products */ = {
			isa = PBXGroup;
			children = (
				B3C51F5F29B162CC009C879E /* ComprasUSA.app */,
			);
			name = Products;
			sourceTree = "<group>";
		};
		B3C51F6129B162CC009C879E /* ComprasUSA */ = {
			isa = PBXGroup;
			children = (
				B3AC058129D6674C00B4DB3B /* Controllers */,
				B3B3152729CF9D43000185FA /* Components */,
				B3470A4629B7FE2E00584AFD /* Extension */,
				B3470A4C29B8174100584AFD /* Utils */,
				B3C51F6829B162CC009C879E /* Main.storyboard */,
				B3C51F7029B162CD009C879E /* LaunchScreen.storyboard */,
				B3C51F7329B162CD009C879E /* Info.plist */,
			);
			path = ComprasUSA;
			sourceTree = "<group>";
		};
/* End PBXGroup section */

/* Begin PBXNativeTarget section */
		B3C51F5E29B162CC009C879E /* ComprasUSA */ = {
			isa = PBXNativeTarget;
			buildConfigurationList = B3C51F7629B162CD009C879E /* Build configuration list for PBXNativeTarget "ComprasUSA" */;
			buildPhases = (
				B3C51F5B29B162CC009C879E /* Sources */,
				B3C51F5C29B162CC009C879E /* Frameworks */,
				B3C51F5D29B162CC009C879E /* Resources */,
			);
			buildRules = (
			);
			dependencies = (
			);
			name = ComprasUSA;
			productName = ComprasUSA;
			productReference = B3C51F5F29B162CC009C879E /* ComprasUSA.app */;
			productType = "com.apple.product-type.application";
		};
/* End PBXNativeTarget section */

/* Begin PBXProject section */
		B3C51F5729B162CC009C879E /* Project object */ = {
			isa = PBXProject;
			attributes = {
				BuildIndependentTargetsInParallel = 1;
				LastSwiftUpdateCheck = 1420;
				LastUpgradeCheck = 1420;
				TargetAttributes = {
					B3C51F5E29B162CC009C879E = {
						CreatedOnToolsVersion = 14.2;
					};
				};
			};
			buildConfigurationList = B3C51F5A29B162CC009C879E /* Build configuration list for PBXProject "ComprasUSA" */;
			compatibilityVersion = "Xcode 14.0";
			developmentRegion = en;
			hasScannedForEncodings = 0;
			knownRegions = (
				en,
				Base,
			);
			mainGroup = B3C51F5629B162CC009C879E;
			productRefGroup = B3C51F6029B162CC009C879E /* Products */;
			projectDirPath = "";
			projectRoot = "";
			targets = (
				B3C51F5E29B162CC009C879E /* ComprasUSA */,
			);
		};
/* End PBXProject section */

/* Begin PBXResourcesBuildPhase section */
		B3C51F5D29B162CC009C879E /* Resources */ = {
			isa = PBXResourcesBuildPhase;
			buildActionMask = 2147483647;
			files = (
				B3AC058329D66C7100B4DB3B /* Settings.bundle in Resources */,
				B3C51F7229B162CD009C879E /* LaunchScreen.storyboard in Resources */,
				B3C51F6F29B162CD009C879E /* Assets.xcassets in Resources */,
				B3C51F6A29B162CC009C879E /* Main.storyboard in Resources */,
			);
			runOnlyForDeploymentPostprocessing = 0;
		};
/* End PBXResourcesBuildPhase section */

/* Begin PBXSourcesBuildPhase section */
		B3C51F5B29B162CC009C879E /* Sources */ = {
			isa = PBXSourcesBuildPhase;
			buildActionMask = 2147483647;
			files = (
				B3470A5029B8177000584AFD /* TotalViewController.swift in Sources */,
				B3470A5229B817A200584AFD /* ProductViewController.swift in Sources */,
				B3C51F6729B162CC009C879E /* ShopListViewController.swift in Sources */,
				B3C51F6D29B162CC009C879E /* ComprasUSA.xcdatamodeld in Sources */,
				B3AC058529D674AA00B4DB3B /* Double.swift in Sources */,
				B3B3152929CF9D52000185FA /* StateCell.swift in Sources */,
				B3296D6629D3A1D80062D3CC /* UserDefaultsKeys.swift in Sources */,
				B3296D6429D3A15B0062D3CC /* CoreDataHelper.swift in Sources */,
				B3470A4829B7FE3800584AFD /* UITableView.swift in Sources */,
				B3C51F6329B162CC009C879E /* AppDelegate.swift in Sources */,
				B3296D6829D3B45A0062D3CC /* ProductCell.swift in Sources */,
				B3C51F6529B162CC009C879E /* SceneDelegate.swift in Sources */,
				B3470A4E29B8176500584AFD /* SettingsViewController.swift in Sources */,
				B30A950829DA07BD0029A15A /* Product.swift in Sources */,
			);
			runOnlyForDeploymentPostprocessing = 0;
		};
/* End PBXSourcesBuildPhase section */

/* Begin PBXVariantGroup section */
		B3C51F6829B162CC009C879E /* Main.storyboard */ = {
			isa = PBXVariantGroup;
			children = (
				B3C51F6929B162CC009C879E /* Base */,
			);
			name = Main.storyboard;
			sourceTree = "<group>";
		};
		B3C51F7029B162CD009C879E /* LaunchScreen.storyboard */ = {
			isa = PBXVariantGroup;
			children = (
				B3C51F7129B162CD009C879E /* Base */,
			);
			name = LaunchScreen.storyboard;
			sourceTree = "<group>";
		};
/* End PBXVariantGroup section */

/* Begin XCBuildConfiguration section */
		B3C51F7429B162CD009C879E /* Debug */ = {
			isa = XCBuildConfiguration;
			buildSettings = {
				ALWAYS_SEARCH_USER_PATHS = NO;
				CLANG_ANALYZER_NONNULL = YES;
				CLANG_ANALYZER_NUMBER_OBJECT_CONVERSION = YES_AGGRESSIVE;
				CLANG_CXX_LANGUAGE_STANDARD = "gnu++20";
				CLANG_ENABLE_MODULES = YES;
				CLANG_ENABLE_OBJC_ARC = YES;
				CLANG_ENABLE_OBJC_WEAK = YES;
				CLANG_WARN_BLOCK_CAPTURE_AUTORELEASING = YES;
				CLANG_WARN_BOOL_CONVERSION = YES;
				CLANG_WARN_COMMA = YES;
				CLANG_WARN_CONSTANT_CONVERSION = YES;
				CLANG_WARN_DEPRECATED_OBJC_IMPLEMENTATIONS = YES;
				CLANG_WARN_DIRECT_OBJC_ISA_USAGE = YES_ERROR;
				CLANG_WARN_DOCUMENTATION_COMMENTS = YES;
				CLANG_WARN_EMPTY_BODY = YES;
				CLANG_WARN_ENUM_CONVERSION = YES;
				CLANG_WARN_INFINITE_RECURSION = YES;
				CLANG_WARN_INT_CONVERSION = YES;
				CLANG_WARN_NON_LITERAL_NULL_CONVERSION = YES;
				CLANG_WARN_OBJC_IMPLICIT_RETAIN_SELF = YES;
				CLANG_WARN_OBJC_LITERAL_CONVERSION = YES;
				CLANG_WARN_OBJC_ROOT_CLASS = YES_ERROR;
				CLANG_WARN_QUOTED_INCLUDE_IN_FRAMEWORK_HEADER = YES;
				CLANG_WARN_RANGE_LOOP_ANALYSIS = YES;
				CLANG_WARN_STRICT_PROTOTYPES = YES;
				CLANG_WARN_SUSPICIOUS_MOVE = YES;
				CLANG_WARN_UNGUARDED_AVAILABILITY = YES_AGGRESSIVE;
				CLANG_WARN_UNREACHABLE_CODE = YES;
				CLANG_WARN__DUPLICATE_METHOD_MATCH = YES;
				COPY_PHASE_STRIP = NO;
				DEBUG_INFORMATION_FORMAT = dwarf;
				ENABLE_STRICT_OBJC_MSGSEND = YES;
				ENABLE_TESTABILITY = YES;
				GCC_C_LANGUAGE_STANDARD = gnu11;
				GCC_DYNAMIC_NO_PIC = NO;
				GCC_NO_COMMON_BLOCKS = YES;
				GCC_OPTIMIZATION_LEVEL = 0;
				GCC_PREPROCESSOR_DEFINITIONS = (
					"DEBUG=1",
					"$(inherited)",
				);
				GCC_WARN_64_TO_32_BIT_CONVERSION = YES;
				GCC_WARN_ABOUT_RETURN_TYPE = YES_ERROR;
				GCC_WARN_UNDECLARED_SELECTOR = YES;
				GCC_WARN_UNINITIALIZED_AUTOS = YES_AGGRESSIVE;
				GCC_WARN_UNUSED_FUNCTION = YES;
				GCC_WARN_UNUSED_VARIABLE = YES;
				IPHONEOS_DEPLOYMENT_TARGET = 16.2;
				MTL_ENABLE_DEBUG_INFO = INCLUDE_SOURCE;
				MTL_FAST_MATH = YES;
				ONLY_ACTIVE_ARCH = YES;
				SDKROOT = iphoneos;
				SWIFT_ACTIVE_COMPILATION_CONDITIONS = DEBUG;
				SWIFT_OPTIMIZATION_LEVEL = "-Onone";
			};
			name = Debug;
		};
		B3C51F7529B162CD009C879E /* Release */ = {
			isa = XCBuildConfiguration;
			buildSettings = {
				ALWAYS_SEARCH_USER_PATHS = NO;
				CLANG_ANALYZER_NONNULL = YES;
				CLANG_ANALYZER_NUMBER_OBJECT_CONVERSION = YES_AGGRESSIVE;
				CLANG_CXX_LANGUAGE_STANDARD = "gnu++20";
				CLANG_ENABLE_MODULES = YES;
				CLANG_ENABLE_OBJC_ARC = YES;
				CLANG_ENABLE_OBJC_WEAK = YES;
				CLANG_WARN_BLOCK_CAPTURE_AUTORELEASING = YES;
				CLANG_WARN_BOOL_CONVERSION = YES;
				CLANG_WARN_COMMA = YES;
				CLANG_WARN_CONSTANT_CONVERSION = YES;
				CLANG_WARN_DEPRECATED_OBJC_IMPLEMENTATIONS = YES;
				CLANG_WARN_DIRECT_OBJC_ISA_USAGE = YES_ERROR;
				CLANG_WARN_DOCUMENTATION_COMMENTS = YES;
				CLANG_WARN_EMPTY_BODY = YES;
				CLANG_WARN_ENUM_CONVERSION = YES;
				CLANG_WARN_INFINITE_RECURSION = YES;
				CLANG_WARN_INT_CONVERSION = YES;
				CLANG_WARN_NON_LITERAL_NULL_CONVERSION = YES;
				CLANG_WARN_OBJC_IMPLICIT_RETAIN_SELF = YES;
				CLANG_WARN_OBJC_LITERAL_CONVERSION = YES;
				CLANG_WARN_OBJC_ROOT_CLASS = YES_ERROR;
				CLANG_WARN_QUOTED_INCLUDE_IN_FRAMEWORK_HEADER = YES;
				CLANG_WARN_RANGE_LOOP_ANALYSIS = YES;
				CLANG_WARN_STRICT_PROTOTYPES = YES;
				CLANG_WARN_SUSPICIOUS_MOVE = YES;
				CLANG_WARN_UNGUARDED_AVAILABILITY = YES_AGGRESSIVE;
				CLANG_WARN_UNREACHABLE_CODE = YES;
				CLANG_WARN__DUPLICATE_METHOD_MATCH = YES;
				COPY_PHASE_STRIP = NO;
				DEBUG_INFORMATION_FORMAT = "dwarf-with-dsym";
				ENABLE_NS_ASSERTIONS = NO;
				ENABLE_STRICT_OBJC_MSGSEND = YES;
				GCC_C_LANGUAGE_STANDARD = gnu11;
				GCC_NO_COMMON_BLOCKS = YES;
				GCC_WARN_64_TO_32_BIT_CONVERSION = YES;
				GCC_WARN_ABOUT_RETURN_TYPE = YES_ERROR;
				GCC_WARN_UNDECLARED_SELECTOR = YES;
				GCC_WARN_UNINITIALIZED_AUTOS = YES_AGGRESSIVE;
				GCC_WARN_UNUSED_FUNCTION = YES;
				GCC_WARN_UNUSED_VARIABLE = YES;
				IPHONEOS_DEPLOYMENT_TARGET = 16.2;
				MTL_ENABLE_DEBUG_INFO = NO;
				MTL_FAST_MATH = YES;
				SDKROOT = iphoneos;
				SWIFT_COMPILATION_MODE = wholemodule;
				SWIFT_OPTIMIZATION_LEVEL = "-O";
				VALIDATE_PRODUCT = YES;
			};
			name = Release;
		};
		B3C51F7729B162CD009C879E /* Debug */ = {
			isa = XCBuildConfiguration;
			buildSettings = {
				ASSETCATALOG_COMPILER_APPICON_NAME = AppIcon;
				ASSETCATALOG_COMPILER_GLOBAL_ACCENT_COLOR_NAME = AccentColor;
				CODE_SIGN_STYLE = Automatic;
				CURRENT_PROJECT_VERSION = 1;
				DEVELOPMENT_TEAM = 59Q2VRCG46;
				GENERATE_INFOPLIST_FILE = YES;
				INFOPLIST_FILE = ComprasUSA/Info.plist;
				INFOPLIST_KEY_LSApplicationCategoryType = "public.app-category.utilities";
				INFOPLIST_KEY_UIApplicationSupportsIndirectInputEvents = YES;
				INFOPLIST_KEY_UILaunchStoryboardName = LaunchScreen;
				INFOPLIST_KEY_UIMainStoryboardFile = Main;
				INFOPLIST_KEY_UISupportedInterfaceOrientations = UIInterfaceOrientationPortrait;
				INFOPLIST_KEY_UISupportedInterfaceOrientations_iPad = "UIInterfaceOrientationLandscapeLeft UIInterfaceOrientationLandscapeRight UIInterfaceOrientationPortrait UIInterfaceOrientationPortraitUpsideDown";
				LD_RUNPATH_SEARCH_PATHS = (
					"$(inherited)",
					"@executable_path/Frameworks",
				);
				MARKETING_VERSION = 1.0;
				PRODUCT_BUNDLE_IDENTIFIER = com.fiap.comprasusa.ComprasUSA;
				PRODUCT_NAME = "$(TARGET_NAME)";
				SUPPORTED_PLATFORMS = "iphoneos iphonesimulator";
				SUPPORTS_MACCATALYST = NO;
				SUPPORTS_MAC_DESIGNED_FOR_IPHONE_IPAD = NO;
				SWIFT_EMIT_LOC_STRINGS = YES;
				SWIFT_VERSION = 5.0;
				TARGETED_DEVICE_FAMILY = 1;
			};
			name = Debug;
		};
		B3C51F7829B162CD009C879E /* Release */ = {
			isa = XCBuildConfiguration;
			buildSettings = {
				ASSETCATALOG_COMPILER_APPICON_NAME = AppIcon;
				ASSETCATALOG_COMPILER_GLOBAL_ACCENT_COLOR_NAME = AccentColor;
				CODE_SIGN_STYLE = Automatic;
				CURRENT_PROJECT_VERSION = 1;
				DEVELOPMENT_TEAM = 59Q2VRCG46;
				GENERATE_INFOPLIST_FILE = YES;
				INFOPLIST_FILE = ComprasUSA/Info.plist;
				INFOPLIST_KEY_LSApplicationCategoryType = "public.app-category.utilities";
				INFOPLIST_KEY_UIApplicationSupportsIndirectInputEvents = YES;
				INFOPLIST_KEY_UILaunchStoryboardName = LaunchScreen;
				INFOPLIST_KEY_UIMainStoryboardFile = Main;
				INFOPLIST_KEY_UISupportedInterfaceOrientations = UIInterfaceOrientationPortrait;
				INFOPLIST_KEY_UISupportedInterfaceOrientations_iPad = "UIInterfaceOrientationLandscapeLeft UIInterfaceOrientationLandscapeRight UIInterfaceOrientationPortrait UIInterfaceOrientationPortraitUpsideDown";
				LD_RUNPATH_SEARCH_PATHS = (
					"$(inherited)",
					"@executable_path/Frameworks",
				);
				MARKETING_VERSION = 1.0;
				PRODUCT_BUNDLE_IDENTIFIER = com.fiap.comprasusa.ComprasUSA;
				PRODUCT_NAME = "$(TARGET_NAME)";
				SUPPORTED_PLATFORMS = "iphoneos iphonesimulator";
				SUPPORTS_MACCATALYST = NO;
				SUPPORTS_MAC_DESIGNED_FOR_IPHONE_IPAD = NO;
				SWIFT_EMIT_LOC_STRINGS = YES;
				SWIFT_VERSION = 5.0;
				TARGETED_DEVICE_FAMILY = 1;
			};
			name = Release;
		};
/* End XCBuildConfiguration section */

/* Begin XCConfigurationList section */
		B3C51F5A29B162CC009C879E /* Build configuration list for PBXProject "ComprasUSA" */ = {
			isa = XCConfigurationList;
			buildConfigurations = (
				B3C51F7429B162CD009C879E /* Debug */,
				B3C51F7529B162CD009C879E /* Release */,
			);
			defaultConfigurationIsVisible = 0;
			defaultConfigurationName = Release;
		};
		B3C51F7629B162CD009C879E /* Build configuration list for PBXNativeTarget "ComprasUSA" */ = {
			isa = XCConfigurationList;
			buildConfigurations = (
				B3C51F7729B162CD009C879E /* Debug */,
				B3C51F7829B162CD009C879E /* Release */,
			);
			defaultConfigurationIsVisible = 0;
			defaultConfigurationName = Release;
		};
/* End XCConfigurationList section */

/* Begin XCVersionGroup section */
		B3C51F6B29B162CC009C879E /* ComprasUSA.xcdatamodeld */ = {
			isa = XCVersionGroup;
			children = (
				B3C51F6C29B162CC009C879E /* ComprasUSA.xcdatamodel */,
			);
			currentVersion = B3C51F6C29B162CC009C879E /* ComprasUSA.xcdatamodel */;
			path = ComprasUSA.xcdatamodeld;
			sourceTree = "<group>";
			versionGroupType = wrapper.xcdatamodel;
		};
/* End XCVersionGroup section */
	};
	rootObject = B3C51F5729B162CC009C879E /* Project object */;
}
